PODS:
  - SwiftLiteKit (0.7.1):
    - SwiftLiteKit/Class (= 0.7.1)
    - SwiftLiteKit/Core (= 0.7.1)
    - SwiftLiteKit/Protocol (= 0.7.1)
    - SwiftLiteKit/Struct (= 0.7.1)
  - SwiftLiteKit/Class (0.7.1):
    - SwiftLiteKit/Core
  - SwiftLiteKit/Core (0.7.1)
  - SwiftLiteKit/Protocol (0.7.1):
    - SwiftLiteKit/Core
  - SwiftLiteKit/Struct (0.7.1):
    - SwiftLiteKit/Core

DEPENDENCIES:
  - SwiftLiteKit (from `../`)

EXTERNAL SOURCES:
  SwiftLiteKit:
    :path: "../"

SPEC CHECKSUMS:
  SwiftLiteKit: 21d104182564265a7375c9866b967fdd229221c7

PODFILE CHECKSUM: 4ab52f88a447d03718e62a1fae498d715393cfd5

COCOAPODS: 1.5.3
